// !$*UTF8*$!
{
	archiveVersion = 1;
	classes = {
	};
	objectVersion = 77;
	objects = {

/* Begin PBXBuildFile section */
		6A921A352D6C6B2900F9C585 /* SwiftUIIntrospect in Frameworks */ = {isa = PBXBuildFile; productRef = 6A921A342D6C6B2900F9C585 /* SwiftUIIntrospect */; };
		6A921A392D6C6B2900F9C585 /* SwiftUIIntrospect-Static in Frameworks */ = {isa = PBXBuildFile; productRef = 6A921A382D6C6B2900F9C585 /* SwiftUIIntrospect-Static */; };
		6AD22CB72D63454A0073A795 /* Algorithms in Frameworks */ = {isa = PBXBuildFile; productRef = 6AD22CB62D63454A0073A795 /* Algorithms */; };
/* End PBXBuildFile section */

/* Begin PBXContainerItemProxy section */
		6AFB111A2D599DF80099E4C0 /* PBXContainerItemProxy */ = {
			isa = PBXContainerItemProxy;
			containerPortal = 6AFB11012D599DF60099E4C0 /* Project object */;
			proxyType = 1;
			remoteGlobalIDString = 6AFB11082D599DF60099E4C0;
			remoteInfo = MyLearningApp;
		};
		6AFB11242D599DF80099E4C0 /* PBXContainerItemProxy */ = {
			isa = PBXContainerItemProxy;
			containerPortal = 6AFB11012D599DF60099E4C0 /* Project object */;
			proxyType = 1;
			remoteGlobalIDString = 6AFB11082D599DF60099E4C0;
			remoteInfo = MyLearningApp;
		};
/* End PBXContainerItemProxy section */

/* Begin PBXCopyFilesBuildPhase section */
		6A921A3B2D6C6BDC00F9C585 /* Embed Frameworks */ = {
			isa = PBXCopyFilesBuildPhase;
			buildActionMask = 2147483647;
			dstPath = "";
			dstSubfolderSpec = 10;
			files = (
			);
			name = "Embed Frameworks";
			runOnlyForDeploymentPostprocessing = 0;
		};
/* End PBXCopyFilesBuildPhase section */

/* Begin PBXFileReference section */
		6AFB11092D599DF60099E4C0 /* MyLearningApp.app */ = {isa = PBXFileReference; explicitFileType = wrapper.application; includeInIndex = 0; path = MyLearningApp.app; sourceTree = BUILT_PRODUCTS_DIR; };
		6AFB11192D599DF80099E4C0 /* MyLearningAppTests.xctest */ = {isa = PBXFileReference; explicitFileType = wrapper.cfbundle; includeInIndex = 0; path = MyLearningAppTests.xctest; sourceTree = BUILT_PRODUCTS_DIR; };
		6AFB11232D599DF80099E4C0 /* MyLearningAppUITests.xctest */ = {isa = PBXFileReference; explicitFileType = wrapper.cfbundle; includeInIndex = 0; path = MyLearningAppUITests.xctest; sourceTree = BUILT_PRODUCTS_DIR; };
/* End PBXFileReference section */

/* Begin PBXFileSystemSynchronizedBuildFileExceptionSet section */
		6AD22CB92D6345EB0073A795 /* Exceptions for "MyLearningApp" folder in "MyLearningApp" target */ = {
			isa = PBXFileSystemSynchronizedBuildFileExceptionSet;
			membershipExceptions = (
				Info.plist,
			);
			target = 6AFB11082D599DF60099E4C0 /* MyLearningApp */;
		};
/* End PBXFileSystemSynchronizedBuildFileExceptionSet section */

/* Begin PBXFileSystemSynchronizedRootGroup section */
		6AFB110B2D599DF60099E4C0 /* MyLearningApp */ = {
			isa = PBXFileSystemSynchronizedRootGroup;
			exceptions = (
				6AD22CB92D6345EB0073A795 /* Exceptions for "MyLearningApp" folder in "MyLearningApp" target */,
			);
			path = MyLearningApp;
			sourceTree = "<group>";
		};
		6AFB111C2D599DF80099E4C0 /* MyLearningAppTests */ = {
			isa = PBXFileSystemSynchronizedRootGroup;
			path = MyLearningAppTests;
			sourceTree = "<group>";
		};
		6AFB11262D599DF80099E4C0 /* MyLearningAppUITests */ = {
			isa = PBXFileSystemSynchronizedRootGroup;
			path = MyLearningAppUITests;
			sourceTree = "<group>";
		};
/* End PBXFileSystemSynchronizedRootGroup section */

/* Begin PBXFrameworksBuildPhase section */
		6AFB11062D599DF60099E4C0 /* Frameworks */ = {
			isa = PBXFrameworksBuildPhase;
			buildActionMask = 2147483647;
			files = (
				6AD22CB72D63454A0073A795 /* Algorithms in Frameworks */,
				6A921A352D6C6B2900F9C585 /* SwiftUIIntrospect in Frameworks */,
				6A921A392D6C6B2900F9C585 /* SwiftUIIntrospect-Static in Frameworks */,
			);
			runOnlyForDeploymentPostprocessing = 0;
		};
		6AFB11162D599DF80099E4C0 /* Frameworks */ = {
			isa = PBXFrameworksBuildPhase;
			buildActionMask = 2147483647;
			files = (
			);
			runOnlyForDeploymentPostprocessing = 0;
		};
		6AFB11202D599DF80099E4C0 /* Frameworks */ = {
			isa = PBXFrameworksBuildPhase;
			buildActionMask = 2147483647;
			files = (
			);
			runOnlyForDeploymentPostprocessing = 0;
		};
/* End PBXFrameworksBuildPhase section */

/* Begin PBXGroup section */
		6AFB11002D599DF60099E4C0 = {
			isa = PBXGroup;
			children = (
				6AFB111C2D599DF80099E4C0 /* MyLearningAppTests */,
				6AFB11262D599DF80099E4C0 /* MyLearningAppUITests */,
				6AFB110B2D599DF60099E4C0 /* MyLearningApp */,
				6AFB110A2D599DF60099E4C0 /* Products */,
			);
			sourceTree = "<group>";
		};
		6AFB110A2D599DF60099E4C0 /* Products */ = {
			isa = PBXGroup;
			children = (
				6AFB11092D599DF60099E4C0 /* MyLearningApp.app */,
				6AFB11192D599DF80099E4C0 /* MyLearningAppTests.xctest */,
				6AFB11232D599DF80099E4C0 /* MyLearningAppUITests.xctest */,
			);
			name = Products;
			sourceTree = "<group>";
		};
/* End PBXGroup section */

/* Begin PBXNativeTarget section */
		6AFB11082D599DF60099E4C0 /* MyLearningApp */ = {
			isa = PBXNativeTarget;
			buildConfigurationList = 6AFB112D2D599DF80099E4C0 /* Build configuration list for PBXNativeTarget "MyLearningApp" */;
			buildPhases = (
				6AFB11052D599DF60099E4C0 /* Sources */,
				6AFB11062D599DF60099E4C0 /* Frameworks */,
				6AFB11072D599DF60099E4C0 /* Resources */,
				6A921A3B2D6C6BDC00F9C585 /* Embed Frameworks */,
			);
			buildRules = (
			);
			dependencies = (
			);
			fileSystemSynchronizedGroups = (
				6AFB110B2D599DF60099E4C0 /* MyLearningApp */,
			);
			name = MyLearningApp;
			packageProductDependencies = (
				6AD22CB62D63454A0073A795 /* Algorithms */,
				6A921A342D6C6B2900F9C585 /* SwiftUIIntrospect */,
				6A921A382D6C6B2900F9C585 /* SwiftUIIntrospect-Static */,
			);
			productName = MyLearningApp;
			productReference = 6AFB11092D599DF60099E4C0 /* MyLearningApp.app */;
			productType = "com.apple.product-type.application";
		};
		6AFB11182D599DF80099E4C0 /* MyLearningAppTests */ = {
			isa = PBXNativeTarget;
			buildConfigurationList = 6AFB11302D599DF80099E4C0 /* Build configuration list for PBXNativeTarget "MyLearningAppTests" */;
			buildPhases = (
				6AFB11152D599DF80099E4C0 /* Sources */,
				6AFB11162D599DF80099E4C0 /* Frameworks */,
				6AFB11172D599DF80099E4C0 /* Resources */,
			);
			buildRules = (
			);
			dependencies = (
				6AFB111B2D599DF80099E4C0 /* PBXTargetDependency */,
			);
			fileSystemSynchronizedGroups = (
				6AFB111C2D599DF80099E4C0 /* MyLearningAppTests */,
			);
			name = MyLearningAppTests;
			packageProductDependencies = (
			);
			productName = MyLearningAppTests;
			productReference = 6AFB11192D599DF80099E4C0 /* MyLearningAppTests.xctest */;
			productType = "com.apple.product-type.bundle.unit-test";
		};
		6AFB11222D599DF80099E4C0 /* MyLearningAppUITests */ = {
			isa = PBXNativeTarget;
			buildConfigurationList = 6AFB11332D599DF80099E4C0 /* Build configuration list for PBXNativeTarget "MyLearningAppUITests" */;
			buildPhases = (
				6AFB111F2D599DF80099E4C0 /* Sources */,
				6AFB11202D599DF80099E4C0 /* Frameworks */,
				6AFB11212D599DF80099E4C0 /* Resources */,
			);
			buildRules = (
			);
			dependencies = (
				6AFB11252D599DF80099E4C0 /* PBXTargetDependency */,
			);
			fileSystemSynchronizedGroups = (
				6AFB11262D599DF80099E4C0 /* MyLearningAppUITests */,
			);
			name = MyLearningAppUITests;
			packageProductDependencies = (
			);
			productName = MyLearningAppUITests;
			productReference = 6AFB11232D599DF80099E4C0 /* MyLearningAppUITests.xctest */;
			productType = "com.apple.product-type.bundle.ui-testing";
		};
/* End PBXNativeTarget section */

/* Begin PBXProject section */
		6AFB11012D599DF60099E4C0 /* Project object */ = {
			isa = PBXProject;
			attributes = {
				BuildIndependentTargetsInParallel = 1;
				LastSwiftUpdateCheck = 1610;
				LastUpgradeCheck = 1610;
				TargetAttributes = {
					6AFB11082D599DF60099E4C0 = {
						CreatedOnToolsVersion = 16.1;
					};
					6AFB11182D599DF80099E4C0 = {
						CreatedOnToolsVersion = 16.1;
						TestTargetID = 6AFB11082D599DF60099E4C0;
					};
					6AFB11222D599DF80099E4C0 = {
						CreatedOnToolsVersion = 16.1;
						TestTargetID = 6AFB11082D599DF60099E4C0;
					};
				};
			};
			buildConfigurationList = 6AFB11042D599DF60099E4C0 /* Build configuration list for PBXProject "MyLearningApp" */;
			developmentRegion = en;
			hasScannedForEncodings = 0;
			knownRegions = (
				en,
				Base,
			);
			mainGroup = 6AFB11002D599DF60099E4C0;
			minimizedProjectReferenceProxies = 1;
			packageReferences = (
				6AD22CB52D63454A0073A795 /* XCRemoteSwiftPackageReference "swift-algorithms" */,
				6A921A332D6C6B2900F9C585 /* XCRemoteSwiftPackageReference "swiftui-introspect" */,
			);
			preferredProjectObjectVersion = 77;
			productRefGroup = 6AFB110A2D599DF60099E4C0 /* Products */;
			projectDirPath = "";
			projectRoot = "";
			targets = (
				6AFB11082D599DF60099E4C0 /* MyLearningApp */,
				6AFB11182D599DF80099E4C0 /* MyLearningAppTests */,
				6AFB11222D599DF80099E4C0 /* MyLearningAppUITests */,
			);
		};
/* End PBXProject section */

/* Begin PBXResourcesBuildPhase section */
		6AFB11072D599DF60099E4C0 /* Resources */ = {
			isa = PBXResourcesBuildPhase;
			buildActionMask = 2147483647;
			files = (
			);
			runOnlyForDeploymentPostprocessing = 0;
		};
		6AFB11172D599DF80099E4C0 /* Resources */ = {
			isa = PBXResourcesBuildPhase;
			buildActionMask = 2147483647;
			files = (
			);
			runOnlyForDeploymentPostprocessing = 0;
		};
		6AFB11212D599DF80099E4C0 /* Resources */ = {
			isa = PBXResourcesBuildPhase;
			buildActionMask = 2147483647;
			files = (
			);
			runOnlyForDeploymentPostprocessing = 0;
		};
/* End PBXResourcesBuildPhase section */

/* Begin PBXSourcesBuildPhase section */
		6AFB11052D599DF60099E4C0 /* Sources */ = {
			isa = PBXSourcesBuildPhase;
			buildActionMask = 2147483647;
			files = (
			);
			runOnlyForDeploymentPostprocessing = 0;
		};
		6AFB11152D599DF80099E4C0 /* Sources */ = {
			isa = PBXSourcesBuildPhase;
			buildActionMask = 2147483647;
			files = (
			);
			runOnlyForDeploymentPostprocessing = 0;
		};
		6AFB111F2D599DF80099E4C0 /* Sources */ = {
			isa = PBXSourcesBuildPhase;
			buildActionMask = 2147483647;
			files = (
			);
			runOnlyForDeploymentPostprocessing = 0;
		};
/* End PBXSourcesBuildPhase section */

/* Begin PBXTargetDependency section */
		6AFB111B2D599DF80099E4C0 /* PBXTargetDependency */ = {
			isa = PBXTargetDependency;
			target = 6AFB11082D599DF60099E4C0 /* MyLearningApp */;
			targetProxy = 6AFB111A2D599DF80099E4C0 /* PBXContainerItemProxy */;
		};
		6AFB11252D599DF80099E4C0 /* PBXTargetDependency */ = {
			isa = PBXTargetDependency;
			target = 6AFB11082D599DF60099E4C0 /* MyLearningApp */;
			targetProxy = 6AFB11242D599DF80099E4C0 /* PBXContainerItemProxy */;
		};
/* End PBXTargetDependency section */

/* Begin XCBuildConfiguration section */
		6AFB112B2D599DF80099E4C0 /* Debug */ = {
			isa = XCBuildConfiguration;
			buildSettings = {
				ALWAYS_SEARCH_USER_PATHS = NO;
				ASSETCATALOG_COMPILER_GENERATE_SWIFT_ASSET_SYMBOL_EXTENSIONS = YES;
				CLANG_ANALYZER_NONNULL = YES;
				CLANG_ANALYZER_NUMBER_OBJECT_CONVERSION = YES_AGGRESSIVE;
				CLANG_CXX_LANGUAGE_STANDARD = "gnu++20";
				CLANG_ENABLE_MODULES = YES;
				CLANG_ENABLE_OBJC_ARC = YES;
				CLANG_ENABLE_OBJC_WEAK = YES;
				CLANG_WARN_BLOCK_CAPTURE_AUTORELEASING = YES;
				CLANG_WARN_BOOL_CONVERSION = YES;
				CLANG_WARN_COMMA = YES;
				CLANG_WARN_CONSTANT_CONVERSION = YES;
				CLANG_WARN_DEPRECATED_OBJC_IMPLEMENTATIONS = YES;
				CLANG_WARN_DIRECT_OBJC_ISA_USAGE = YES_ERROR;
				CLANG_WARN_DOCUMENTATION_COMMENTS = YES;
				CLANG_WARN_EMPTY_BODY = YES;
				CLANG_WARN_ENUM_CONVERSION = YES;
				CLANG_WARN_INFINITE_RECURSION = YES;
				CLANG_WARN_INT_CONVERSION = YES;
				CLANG_WARN_NON_LITERAL_NULL_CONVERSION = YES;
				CLANG_WARN_OBJC_IMPLICIT_RETAIN_SELF = YES;
				CLANG_WARN_OBJC_LITERAL_CONVERSION = YES;
				CLANG_WARN_OBJC_ROOT_CLASS = YES_ERROR;
				CLANG_WARN_QUOTED_INCLUDE_IN_FRAMEWORK_HEADER = YES;
				CLANG_WARN_RANGE_LOOP_ANALYSIS = YES;
				CLANG_WARN_STRICT_PROTOTYPES = YES;
				CLANG_WARN_SUSPICIOUS_MOVE = YES;
				CLANG_WARN_UNGUARDED_AVAILABILITY = YES_AGGRESSIVE;
				CLANG_WARN_UNREACHABLE_CODE = YES;
				CLANG_WARN__DUPLICATE_METHOD_MATCH = YES;
				COPY_PHASE_STRIP = NO;
				DEBUG_INFORMATION_FORMAT = dwarf;
				ENABLE_STRICT_OBJC_MSGSEND = YES;
				ENABLE_TESTABILITY = YES;
				ENABLE_USER_SCRIPT_SANDBOXING = YES;
				GCC_C_LANGUAGE_STANDARD = gnu17;
				GCC_DYNAMIC_NO_PIC = NO;
				GCC_NO_COMMON_BLOCKS = YES;
				GCC_OPTIMIZATION_LEVEL = 0;
				GCC_PREPROCESSOR_DEFINITIONS = (
					"DEBUG=1",
					"$(inherited)",
				);
				GCC_WARN_64_TO_32_BIT_CONVERSION = YES;
				GCC_WARN_ABOUT_RETURN_TYPE = YES_ERROR;
				GCC_WARN_UNDECLARED_SELECTOR = YES;
				GCC_WARN_UNINITIALIZED_AUTOS = YES_AGGRESSIVE;
				GCC_WARN_UNUSED_FUNCTION = YES;
				GCC_WARN_UNUSED_VARIABLE = YES;
				IPHONEOS_DEPLOYMENT_TARGET = 18.1;
				LOCALIZATION_PREFERS_STRING_CATALOGS = YES;
				MTL_ENABLE_DEBUG_INFO = INCLUDE_SOURCE;
				MTL_FAST_MATH = YES;
				ONLY_ACTIVE_ARCH = YES;
				SDKROOT = iphoneos;
				SWIFT_ACTIVE_COMPILATION_CONDITIONS = "DEBUG $(inherited)";
				SWIFT_OPTIMIZATION_LEVEL = "-Onone";
			};
			name = Debug;
		};
		6AFB112C2D599DF80099E4C0 /* Release */ = {
			isa = XCBuildConfiguration;
			buildSettings = {
				ALWAYS_SEARCH_USER_PATHS = NO;
				ASSETCATALOG_COMPILER_GENERATE_SWIFT_ASSET_SYMBOL_EXTENSIONS = YES;
				CLANG_ANALYZER_NONNULL = YES;
				CLANG_ANALYZER_NUMBER_OBJECT_CONVERSION = YES_AGGRESSIVE;
				CLANG_CXX_LANGUAGE_STANDARD = "gnu++20";
				CLANG_ENABLE_MODULES = YES;
				CLANG_ENABLE_OBJC_ARC = YES;
				CLANG_ENABLE_OBJC_WEAK = YES;
				CLANG_WARN_BLOCK_CAPTURE_AUTORELEASING = YES;
				CLANG_WARN_BOOL_CONVERSION = YES;
				CLANG_WARN_COMMA = YES;
				CLANG_WARN_CONSTANT_CONVERSION = YES;
				CLANG_WARN_DEPRECATED_OBJC_IMPLEMENTATIONS = YES;
				CLANG_WARN_DIRECT_OBJC_ISA_USAGE = YES_ERROR;
				CLANG_WARN_DOCUMENTATION_COMMENTS = YES;
				CLANG_WARN_EMPTY_BODY = YES;
				CLANG_WARN_ENUM_CONVERSION = YES;
				CLANG_WARN_INFINITE_RECURSION = YES;
				CLANG_WARN_INT_CONVERSION = YES;
				CLANG_WARN_NON_LITERAL_NULL_CONVERSION = YES;
				CLANG_WARN_OBJC_IMPLICIT_RETAIN_SELF = YES;
				CLANG_WARN_OBJC_LITERAL_CONVERSION = YES;
				CLANG_WARN_OBJC_ROOT_CLASS = YES_ERROR;
				CLANG_WARN_QUOTED_INCLUDE_IN_FRAMEWORK_HEADER = YES;
				CLANG_WARN_RANGE_LOOP_ANALYSIS = YES;
				CLANG_WARN_STRICT_PROTOTYPES = YES;
				CLANG_WARN_SUSPICIOUS_MOVE = YES;
				CLANG_WARN_UNGUARDED_AVAILABILITY = YES_AGGRESSIVE;
				CLANG_WARN_UNREACHABLE_CODE = YES;
				CLANG_WARN__DUPLICATE_METHOD_MATCH = YES;
				COPY_PHASE_STRIP = NO;
				DEBUG_INFORMATION_FORMAT = "dwarf-with-dsym";
				ENABLE_NS_ASSERTIONS = NO;
				ENABLE_STRICT_OBJC_MSGSEND = YES;
				ENABLE_USER_SCRIPT_SANDBOXING = YES;
				GCC_C_LANGUAGE_STANDARD = gnu17;
				GCC_NO_COMMON_BLOCKS = YES;
				GCC_WARN_64_TO_32_BIT_CONVERSION = YES;
				GCC_WARN_ABOUT_RETURN_TYPE = YES_ERROR;
				GCC_WARN_UNDECLARED_SELECTOR = YES;
				GCC_WARN_UNINITIALIZED_AUTOS = YES_AGGRESSIVE;
				GCC_WARN_UNUSED_FUNCTION = YES;
				GCC_WARN_UNUSED_VARIABLE = YES;
				IPHONEOS_DEPLOYMENT_TARGET = 18.1;
				LOCALIZATION_PREFERS_STRING_CATALOGS = YES;
				MTL_ENABLE_DEBUG_INFO = NO;
				MTL_FAST_MATH = YES;
				SDKROOT = iphoneos;
				SWIFT_COMPILATION_MODE = wholemodule;
				VALIDATE_PRODUCT = YES;
			};
			name = Release;
		};
		6AFB112E2D599DF80099E4C0 /* Debug */ = {
			isa = XCBuildConfiguration;
			buildSettings = {
				ASSETCATALOG_COMPILER_APPICON_NAME = AppIcon;
				ASSETCATALOG_COMPILER_GLOBAL_ACCENT_COLOR_NAME = AccentColor;
				CODE_SIGN_STYLE = Automatic;
				CURRENT_PROJECT_VERSION = 1;
				DEVELOPMENT_ASSET_PATHS = "\"MyLearningApp/Preview Content\"";
				DEVELOPMENT_TEAM = BTDYS54RKT;
				ENABLE_PREVIEWS = YES;
				GENERATE_INFOPLIST_FILE = YES;
				INFOPLIST_FILE = MyLearningApp/Info.plist;
				INFOPLIST_KEY_NSCameraUsageDescription = "We need access to your camera for capturing photos.";
				INFOPLIST_KEY_NSPhotoLibraryUsageDescription = 1.0;
				INFOPLIST_KEY_UIApplicationSceneManifest_Generation = YES;
				INFOPLIST_KEY_UIApplicationSupportsIndirectInputEvents = YES;
				INFOPLIST_KEY_UILaunchScreen_Generation = YES;
				INFOPLIST_KEY_UISupportedInterfaceOrientations_iPad = "UIInterfaceOrientationPortrait UIInterfaceOrientationPortraitUpsideDown UIInterfaceOrientationLandscapeLeft UIInterfaceOrientationLandscapeRight";
				INFOPLIST_KEY_UISupportedInterfaceOrientations_iPhone = "UIInterfaceOrientationPortrait UIInterfaceOrientationLandscapeLeft UIInterfaceOrientationLandscapeRight";
				IPHONEOS_DEPLOYMENT_TARGET = 16.4;
				LD_RUNPATH_SEARCH_PATHS = (
					"$(inherited)",
					"@executable_path/Frameworks",
				);
				MARKETING_VERSION = 1.0;
				PRODUCT_BUNDLE_IDENTIFIER = com.sokpich.MyLearningApp;
				PRODUCT_NAME = "$(TARGET_NAME)";
				SWIFT_EMIT_LOC_STRINGS = YES;
				SWIFT_VERSION = 5.0;
				TARGETED_DEVICE_FAMILY = "1,2";
			};
			name = Debug;
		};
		6AFB112F2D599DF80099E4C0 /* Release */ = {
			isa = XCBuildConfiguration;
			buildSettings = {
				ASSETCATALOG_COMPILER_APPICON_NAME = AppIcon;
				ASSETCATALOG_COMPILER_GLOBAL_ACCENT_COLOR_NAME = AccentColor;
				CODE_SIGN_STYLE = Automatic;
				CURRENT_PROJECT_VERSION = 1;
				DEVELOPMENT_ASSET_PATHS = "\"MyLearningApp/Preview Content\"";
				DEVELOPMENT_TEAM = BTDYS54RKT;
				ENABLE_PREVIEWS = YES;
				GENERATE_INFOPLIST_FILE = YES;
				INFOPLIST_FILE = MyLearningApp/Info.plist;
				INFOPLIST_KEY_NSCameraUsageDescription = "We need access to your camera for capturing photos.";
				INFOPLIST_KEY_NSPhotoLibraryUsageDescription = 1.0;
				INFOPLIST_KEY_UIApplicationSceneManifest_Generation = YES;
				INFOPLIST_KEY_UIApplicationSupportsIndirectInputEvents = YES;
				INFOPLIST_KEY_UILaunchScreen_Generation = YES;
				INFOPLIST_KEY_UISupportedInterfaceOrientations_iPad = "UIInterfaceOrientationPortrait UIInterfaceOrientationPortraitUpsideDown UIInterfaceOrientationLandscapeLeft UIInterfaceOrientationLandscapeRight";
				INFOPLIST_KEY_UISupportedInterfaceOrientations_iPhone = "UIInterfaceOrientationPortrait UIInterfaceOrientationLandscapeLeft UIInterfaceOrientationLandscapeRight";
				IPHONEOS_DEPLOYMENT_TARGET = 16.4;
				LD_RUNPATH_SEARCH_PATHS = (
					"$(inherited)",
					"@executable_path/Frameworks",
				);
				MARKETING_VERSION = 1.0;
				PRODUCT_BUNDLE_IDENTIFIER = com.sokpich.MyLearningApp;
				PRODUCT_NAME = "$(TARGET_NAME)";
				SWIFT_EMIT_LOC_STRINGS = YES;
				SWIFT_VERSION = 5.0;
				TARGETED_DEVICE_FAMILY = "1,2";
			};
			name = Release;
		};
		6AFB11312D599DF80099E4C0 /* Debug */ = {
			isa = XCBuildConfiguration;
			buildSettings = {
				BUNDLE_LOADER = "$(TEST_HOST)";
				CODE_SIGN_STYLE = Automatic;
				CURRENT_PROJECT_VERSION = 1;
				DEVELOPMENT_TEAM = BTDYS54RKT;
				GENERATE_INFOPLIST_FILE = YES;
				IPHONEOS_DEPLOYMENT_TARGET = 18.1;
				MARKETING_VERSION = 1.0;
				PRODUCT_BUNDLE_IDENTIFIER = com.sokpich.MyLearningAppTests;
				PRODUCT_NAME = "$(TARGET_NAME)";
				SWIFT_EMIT_LOC_STRINGS = NO;
				SWIFT_VERSION = 5.0;
				TARGETED_DEVICE_FAMILY = "1,2";
				TEST_HOST = "$(BUILT_PRODUCTS_DIR)/MyLearningApp.app/$(BUNDLE_EXECUTABLE_FOLDER_PATH)/MyLearningApp";
			};
			name = Debug;
		};
		6AFB11322D599DF80099E4C0 /* Release */ = {
			isa = XCBuildConfiguration;
			buildSettings = {
				BUNDLE_LOADER = "$(TEST_HOST)";
				CODE_SIGN_STYLE = Automatic;
				CURRENT_PROJECT_VERSION = 1;
				DEVELOPMENT_TEAM = BTDYS54RKT;
				GENERATE_INFOPLIST_FILE = YES;
				IPHONEOS_DEPLOYMENT_TARGET = 18.1;
				MARKETING_VERSION = 1.0;
				PRODUCT_BUNDLE_IDENTIFIER = com.sokpich.MyLearningAppTests;
				PRODUCT_NAME = "$(TARGET_NAME)";
				SWIFT_EMIT_LOC_STRINGS = NO;
				SWIFT_VERSION = 5.0;
				TARGETED_DEVICE_FAMILY = "1,2";
				TEST_HOST = "$(BUILT_PRODUCTS_DIR)/MyLearningApp.app/$(BUNDLE_EXECUTABLE_FOLDER_PATH)/MyLearningApp";
			};
			name = Release;
		};
		6AFB11342D599DF80099E4C0 /* Debug */ = {
			isa = XCBuildConfiguration;
			buildSettings = {
				CODE_SIGN_STYLE = Automatic;
				CURRENT_PROJECT_VERSION = 1;
				DEVELOPMENT_TEAM = BTDYS54RKT;
				GENERATE_INFOPLIST_FILE = YES;
				MARKETING_VERSION = 1.0;
				PRODUCT_BUNDLE_IDENTIFIER = com.sokpich.MyLearningAppUITests;
				PRODUCT_NAME = "$(TARGET_NAME)";
				SWIFT_EMIT_LOC_STRINGS = NO;
				SWIFT_VERSION = 5.0;
				TARGETED_DEVICE_FAMILY = "1,2";
				TEST_TARGET_NAME = MyLearningApp;
			};
			name = Debug;
		};
		6AFB11352D599DF80099E4C0 /* Release */ = {
			isa = XCBuildConfiguration;
			buildSettings = {
				CODE_SIGN_STYLE = Automatic;
				CURRENT_PROJECT_VERSION = 1;
				DEVELOPMENT_TEAM = BTDYS54RKT;
				GENERATE_INFOPLIST_FILE = YES;
				MARKETING_VERSION = 1.0;
				PRODUCT_BUNDLE_IDENTIFIER = com.sokpich.MyLearningAppUITests;
				PRODUCT_NAME = "$(TARGET_NAME)";
				SWIFT_EMIT_LOC_STRINGS = NO;
				SWIFT_VERSION = 5.0;
				TARGETED_DEVICE_FAMILY = "1,2";
				TEST_TARGET_NAME = MyLearningApp;
			};
			name = Release;
		};
/* End XCBuildConfiguration section */

/* Begin XCConfigurationList section */
		6AFB11042D599DF60099E4C0 /* Build configuration list for PBXProject "MyLearningApp" */ = {
			isa = XCConfigurationList;
			buildConfigurations = (
				6AFB112B2D599DF80099E4C0 /* Debug */,
				6AFB112C2D599DF80099E4C0 /* Release */,
			);
			defaultConfigurationIsVisible = 0;
			defaultConfigurationName = Release;
		};
		6AFB112D2D599DF80099E4C0 /* Build configuration list for PBXNativeTarget "MyLearningApp" */ = {
			isa = XCConfigurationList;
			buildConfigurations = (
				6AFB112E2D599DF80099E4C0 /* Debug */,
				6AFB112F2D599DF80099E4C0 /* Release */,
			);
			defaultConfigurationIsVisible = 0;
			defaultConfigurationName = Release;
		};
		6AFB11302D599DF80099E4C0 /* Build configuration list for PBXNativeTarget "MyLearningAppTests" */ = {
			isa = XCConfigurationList;
			buildConfigurations = (
				6AFB11312D599DF80099E4C0 /* Debug */,
				6AFB11322D599DF80099E4C0 /* Release */,
			);
			defaultConfigurationIsVisible = 0;
			defaultConfigurationName = Release;
		};
		6AFB11332D599DF80099E4C0 /* Build configuration list for PBXNativeTarget "MyLearningAppUITests" */ = {
			isa = XCConfigurationList;
			buildConfigurations = (
				6AFB11342D599DF80099E4C0 /* Debug */,
				6AFB11352D599DF80099E4C0 /* Release */,
			);
			defaultConfigurationIsVisible = 0;
			defaultConfigurationName = Release;
		};
/* End XCConfigurationList section */

/* Begin XCRemoteSwiftPackageReference section */
		6A921A332D6C6B2900F9C585 /* XCRemoteSwiftPackageReference "swiftui-introspect" */ = {
			isa = XCRemoteSwiftPackageReference;
			repositoryURL = "https://github.com/siteline/swiftui-introspect.git";
			requirement = {
				kind = upToNextMajorVersion;
				minimumVersion = 1.3.0;
			};
		};
		6AD22CB52D63454A0073A795 /* XCRemoteSwiftPackageReference "swift-algorithms" */ = {
			isa = XCRemoteSwiftPackageReference;
			repositoryURL = "https://github.com/apple/swift-algorithms.git";
			requirement = {
				kind = upToNextMajorVersion;
				minimumVersion = 1.2.1;
			};
		};
/* End XCRemoteSwiftPackageReference section */

/* Begin XCSwiftPackageProductDependency section */
		6A921A342D6C6B2900F9C585 /* SwiftUIIntrospect */ = {
			isa = XCSwiftPackageProductDependency;
			package = 6A921A332D6C6B2900F9C585 /* XCRemoteSwiftPackageReference "swiftui-introspect" */;
			productName = SwiftUIIntrospect;
		};
		6A921A382D6C6B2900F9C585 /* SwiftUIIntrospect-Static */ = {
			isa = XCSwiftPackageProductDependency;
			package = 6A921A332D6C6B2900F9C585 /* XCRemoteSwiftPackageReference "swiftui-introspect" */;
			productName = "SwiftUIIntrospect-Static";
		};
		6AD22CB62D63454A0073A795 /* Algorithms */ = {
			isa = XCSwiftPackageProductDependency;
			package = 6AD22CB52D63454A0073A795 /* XCRemoteSwiftPackageReference "swift-algorithms" */;
			productName = Algorithms;
		};
/* End XCSwiftPackageProductDependency section */
	};
	rootObject = 6AFB11012D599DF60099E4C0 /* Project object */;
}
