// !$*UTF8*$!
{
	archiveVersion = 1;
	classes = {
	};
	objectVersion = 77;
	objects = {

/* Begin PBXBuildFile section */
		6AACD2F22DB0BD75003BDC5E /* FirebaseMessaging in Frameworks */ = {isa = PBXBuildFile; productRef = 6AACD2F12DB0BD75003BDC5E /* FirebaseMessaging */; };
/* End PBXBuildFile section */

/* Begin PBXContainerItemProxy section */
		6AACD2C92DB0A906003BDC5E /* PBXContainerItemProxy */ = {
			isa = PBXContainerItemProxy;
			containerPortal = 6AACD2B02DB0A905003BDC5E /* Project object */;
			proxyType = 1;
			remoteGlobalIDString = 6AACD2B72DB0A905003BDC5E;
			remoteInfo = NotificationApp;
		};
		6AACD2D32DB0A906003BDC5E /* PBXContainerItemProxy */ = {
			isa = PBXContainerItemProxy;
			containerPortal = 6AACD2B02DB0A905003BDC5E /* Project object */;
			proxyType = 1;
			remoteGlobalIDString = 6AACD2B72DB0A905003BDC5E;
			remoteInfo = NotificationApp;
		};
/* End PBXContainerItemProxy section */

/* Begin PBXFileReference section */
		6AACD2B82DB0A905003BDC5E /* NotificationApp.app */ = {isa = PBXFileReference; explicitFileType = wrapper.application; includeInIndex = 0; path = NotificationApp.app; sourceTree = BUILT_PRODUCTS_DIR; };
		6AACD2C82DB0A906003BDC5E /* NotificationAppTests.xctest */ = {isa = PBXFileReference; explicitFileType = wrapper.cfbundle; includeInIndex = 0; path = NotificationAppTests.xctest; sourceTree = BUILT_PRODUCTS_DIR; };
		6AACD2D22DB0A906003BDC5E /* NotificationAppUITests.xctest */ = {isa = PBXFileReference; explicitFileType = wrapper.cfbundle; includeInIndex = 0; path = NotificationAppUITests.xctest; sourceTree = BUILT_PRODUCTS_DIR; };
/* End PBXFileReference section */

/* Begin PBXFileSystemSynchronizedBuildFileExceptionSet section */
		6A89850F2DB20F6E00C66A37 /* Exceptions for "NotificationApp" folder in "NotificationApp" target */ = {
			isa = PBXFileSystemSynchronizedBuildFileExceptionSet;
			membershipExceptions = (
				Info.plist,
			);
			target = 6AACD2B72DB0A905003BDC5E /* NotificationApp */;
		};
/* End PBXFileSystemSynchronizedBuildFileExceptionSet section */

/* Begin PBXFileSystemSynchronizedRootGroup section */
		6AACD2BA2DB0A905003BDC5E /* NotificationApp */ = {
			isa = PBXFileSystemSynchronizedRootGroup;
			exceptions = (
				6A89850F2DB20F6E00C66A37 /* Exceptions for "NotificationApp" folder in "NotificationApp" target */,
			);
			path = NotificationApp;
			sourceTree = "<group>";
		};
		6AACD2CB2DB0A906003BDC5E /* NotificationAppTests */ = {
			isa = PBXFileSystemSynchronizedRootGroup;
			path = NotificationAppTests;
			sourceTree = "<group>";
		};
		6AACD2D52DB0A906003BDC5E /* NotificationAppUITests */ = {
			isa = PBXFileSystemSynchronizedRootGroup;
			path = NotificationAppUITests;
			sourceTree = "<group>";
		};
/* End PBXFileSystemSynchronizedRootGroup section */

/* Begin PBXFrameworksBuildPhase section */
		6AACD2B52DB0A905003BDC5E /* Frameworks */ = {
			isa = PBXFrameworksBuildPhase;
			buildActionMask = 2147483647;
			files = (
				6AACD2F22DB0BD75003BDC5E /* FirebaseMessaging in Frameworks */,
			);
			runOnlyForDeploymentPostprocessing = 0;
		};
		6AACD2C52DB0A906003BDC5E /* Frameworks */ = {
			isa = PBXFrameworksBuildPhase;
			buildActionMask = 2147483647;
			files = (
			);
			runOnlyForDeploymentPostprocessing = 0;
		};
		6AACD2CF2DB0A906003BDC5E /* Frameworks */ = {
			isa = PBXFrameworksBuildPhase;
			buildActionMask = 2147483647;
			files = (
			);
			runOnlyForDeploymentPostprocessing = 0;
		};
/* End PBXFrameworksBuildPhase section */

/* Begin PBXGroup section */
		6AACD2AF2DB0A905003BDC5E = {
			isa = PBXGroup;
			children = (
				6AACD2BA2DB0A905003BDC5E /* NotificationApp */,
				6AACD2CB2DB0A906003BDC5E /* NotificationAppTests */,
				6AACD2D52DB0A906003BDC5E /* NotificationAppUITests */,
				6AACD2B92DB0A905003BDC5E /* Products */,
			);
			sourceTree = "<group>";
		};
		6AACD2B92DB0A905003BDC5E /* Products */ = {
			isa = PBXGroup;
			children = (
				6AACD2B82DB0A905003BDC5E /* NotificationApp.app */,
				6AACD2C82DB0A906003BDC5E /* NotificationAppTests.xctest */,
				6AACD2D22DB0A906003BDC5E /* NotificationAppUITests.xctest */,
			);
			name = Products;
			sourceTree = "<group>";
		};
/* End PBXGroup section */

/* Begin PBXNativeTarget section */
		6AACD2B72DB0A905003BDC5E /* NotificationApp */ = {
			isa = PBXNativeTarget;
			buildConfigurationList = 6AACD2DC2DB0A906003BDC5E /* Build configuration list for PBXNativeTarget "NotificationApp" */;
			buildPhases = (
				6AACD2B42DB0A905003BDC5E /* Sources */,
				6AACD2B52DB0A905003BDC5E /* Frameworks */,
				6AACD2B62DB0A905003BDC5E /* Resources */,
			);
			buildRules = (
			);
			dependencies = (
			);
			fileSystemSynchronizedGroups = (
				6AACD2BA2DB0A905003BDC5E /* NotificationApp */,
			);
			name = NotificationApp;
			packageProductDependencies = (
				6AACD2F12DB0BD75003BDC5E /* FirebaseMessaging */,
			);
			productName = NotificationApp;
			productReference = 6AACD2B82DB0A905003BDC5E /* NotificationApp.app */;
			productType = "com.apple.product-type.application";
		};
		6AACD2C72DB0A906003BDC5E /* NotificationAppTests */ = {
			isa = PBXNativeTarget;
			buildConfigurationList = 6AACD2DF2DB0A906003BDC5E /* Build configuration list for PBXNativeTarget "NotificationAppTests" */;
			buildPhases = (
				6AACD2C42DB0A906003BDC5E /* Sources */,
				6AACD2C52DB0A906003BDC5E /* Frameworks */,
				6AACD2C62DB0A906003BDC5E /* Resources */,
			);
			buildRules = (
			);
			dependencies = (
				6AACD2CA2DB0A906003BDC5E /* PBXTargetDependency */,
			);
			fileSystemSynchronizedGroups = (
				6AACD2CB2DB0A906003BDC5E /* NotificationAppTests */,
			);
			name = NotificationAppTests;
			packageProductDependencies = (
			);
			productName = NotificationAppTests;
			productReference = 6AACD2C82DB0A906003BDC5E /* NotificationAppTests.xctest */;
			productType = "com.apple.product-type.bundle.unit-test";
		};
		6AACD2D12DB0A906003BDC5E /* NotificationAppUITests */ = {
			isa = PBXNativeTarget;
			buildConfigurationList = 6AACD2E22DB0A906003BDC5E /* Build configuration list for PBXNativeTarget "NotificationAppUITests" */;
			buildPhases = (
				6AACD2CE2DB0A906003BDC5E /* Sources */,
				6AACD2CF2DB0A906003BDC5E /* Frameworks */,
				6AACD2D02DB0A906003BDC5E /* Resources */,
			);
			buildRules = (
			);
			dependencies = (
				6AACD2D42DB0A906003BDC5E /* PBXTargetDependency */,
			);
			fileSystemSynchronizedGroups = (
				6AACD2D52DB0A906003BDC5E /* NotificationAppUITests */,
			);
			name = NotificationAppUITests;
			packageProductDependencies = (
			);
			productName = NotificationAppUITests;
			productReference = 6AACD2D22DB0A906003BDC5E /* NotificationAppUITests.xctest */;
			productType = "com.apple.product-type.bundle.ui-testing";
		};
/* End PBXNativeTarget section */

/* Begin PBXProject section */
		6AACD2B02DB0A905003BDC5E /* Project object */ = {
			isa = PBXProject;
			attributes = {
				BuildIndependentTargetsInParallel = 1;
				LastSwiftUpdateCheck = 1610;
				LastUpgradeCheck = 1610;
				TargetAttributes = {
					6AACD2B72DB0A905003BDC5E = {
						CreatedOnToolsVersion = 16.1;
					};
					6AACD2C72DB0A906003BDC5E = {
						CreatedOnToolsVersion = 16.1;
						TestTargetID = 6AACD2B72DB0A905003BDC5E;
					};
					6AACD2D12DB0A906003BDC5E = {
						CreatedOnToolsVersion = 16.1;
						TestTargetID = 6AACD2B72DB0A905003BDC5E;
					};
				};
			};
			buildConfigurationList = 6AACD2B32DB0A905003BDC5E /* Build configuration list for PBXProject "NotificationApp" */;
			developmentRegion = en;
			hasScannedForEncodings = 0;
			knownRegions = (
				en,
				Base,
			);
			mainGroup = 6AACD2AF2DB0A905003BDC5E;
			minimizedProjectReferenceProxies = 1;
			packageReferences = (
				6AACD2F02DB0BD75003BDC5E /* XCRemoteSwiftPackageReference "firebase-ios-sdk" */,
			);
			preferredProjectObjectVersion = 77;
			productRefGroup = 6AACD2B92DB0A905003BDC5E /* Products */;
			projectDirPath = "";
			projectRoot = "";
			targets = (
				6AACD2B72DB0A905003BDC5E /* NotificationApp */,
				6AACD2C72DB0A906003BDC5E /* NotificationAppTests */,
				6AACD2D12DB0A906003BDC5E /* NotificationAppUITests */,
			);
		};
/* End PBXProject section */

/* Begin PBXResourcesBuildPhase section */
		6AACD2B62DB0A905003BDC5E /* Resources */ = {
			isa = PBXResourcesBuildPhase;
			buildActionMask = 2147483647;
			files = (
			);
			runOnlyForDeploymentPostprocessing = 0;
		};
		6AACD2C62DB0A906003BDC5E /* Resources */ = {
			isa = PBXResourcesBuildPhase;
			buildActionMask = 2147483647;
			files = (
			);
			runOnlyForDeploymentPostprocessing = 0;
		};
		6AACD2D02DB0A906003BDC5E /* Resources */ = {
			isa = PBXResourcesBuildPhase;
			buildActionMask = 2147483647;
			files = (
			);
			runOnlyForDeploymentPostprocessing = 0;
		};
/* End PBXResourcesBuildPhase section */

/* Begin PBXSourcesBuildPhase section */
		6AACD2B42DB0A905003BDC5E /* Sources */ = {
			isa = PBXSourcesBuildPhase;
			buildActionMask = 2147483647;
			files = (
			);
			runOnlyForDeploymentPostprocessing = 0;
		};
		6AACD2C42DB0A906003BDC5E /* Sources */ = {
			isa = PBXSourcesBuildPhase;
			buildActionMask = 2147483647;
			files = (
			);
			runOnlyForDeploymentPostprocessing = 0;
		};
		6AACD2CE2DB0A906003BDC5E /* Sources */ = {
			isa = PBXSourcesBuildPhase;
			buildActionMask = 2147483647;
			files = (
			);
			runOnlyForDeploymentPostprocessing = 0;
		};
/* End PBXSourcesBuildPhase section */

/* Begin PBXTargetDependency section */
		6AACD2CA2DB0A906003BDC5E /* PBXTargetDependency */ = {
			isa = PBXTargetDependency;
			target = 6AACD2B72DB0A905003BDC5E /* NotificationApp */;
			targetProxy = 6AACD2C92DB0A906003BDC5E /* PBXContainerItemProxy */;
		};
		6AACD2D42DB0A906003BDC5E /* PBXTargetDependency */ = {
			isa = PBXTargetDependency;
			target = 6AACD2B72DB0A905003BDC5E /* NotificationApp */;
			targetProxy = 6AACD2D32DB0A906003BDC5E /* PBXContainerItemProxy */;
		};
/* End PBXTargetDependency section */

/* Begin XCBuildConfiguration section */
		6AACD2DA2DB0A906003BDC5E /* Debug */ = {
			isa = XCBuildConfiguration;
			buildSettings = {
				ALWAYS_SEARCH_USER_PATHS = NO;
				ASSETCATALOG_COMPILER_GENERATE_SWIFT_ASSET_SYMBOL_EXTENSIONS = YES;
				CLANG_ANALYZER_NONNULL = YES;
				CLANG_ANALYZER_NUMBER_OBJECT_CONVERSION = YES_AGGRESSIVE;
				CLANG_CXX_LANGUAGE_STANDARD = "gnu++20";
				CLANG_ENABLE_MODULES = YES;
				CLANG_ENABLE_OBJC_ARC = YES;
				CLANG_ENABLE_OBJC_WEAK = YES;
				CLANG_WARN_BLOCK_CAPTURE_AUTORELEASING = YES;
				CLANG_WARN_BOOL_CONVERSION = YES;
				CLANG_WARN_COMMA = YES;
				CLANG_WARN_CONSTANT_CONVERSION = YES;
				CLANG_WARN_DEPRECATED_OBJC_IMPLEMENTATIONS = YES;
				CLANG_WARN_DIRECT_OBJC_ISA_USAGE = YES_ERROR;
				CLANG_WARN_DOCUMENTATION_COMMENTS = YES;
				CLANG_WARN_EMPTY_BODY = YES;
				CLANG_WARN_ENUM_CONVERSION = YES;
				CLANG_WARN_INFINITE_RECURSION = YES;
				CLANG_WARN_INT_CONVERSION = YES;
				CLANG_WARN_NON_LITERAL_NULL_CONVERSION = YES;
				CLANG_WARN_OBJC_IMPLICIT_RETAIN_SELF = YES;
				CLANG_WARN_OBJC_LITERAL_CONVERSION = YES;
				CLANG_WARN_OBJC_ROOT_CLASS = YES_ERROR;
				CLANG_WARN_QUOTED_INCLUDE_IN_FRAMEWORK_HEADER = YES;
				CLANG_WARN_RANGE_LOOP_ANALYSIS = YES;
				CLANG_WARN_STRICT_PROTOTYPES = YES;
				CLANG_WARN_SUSPICIOUS_MOVE = YES;
				CLANG_WARN_UNGUARDED_AVAILABILITY = YES_AGGRESSIVE;
				CLANG_WARN_UNREACHABLE_CODE = YES;
				CLANG_WARN__DUPLICATE_METHOD_MATCH = YES;
				COPY_PHASE_STRIP = NO;
				DEBUG_INFORMATION_FORMAT = dwarf;
				ENABLE_STRICT_OBJC_MSGSEND = YES;
				ENABLE_TESTABILITY = YES;
				ENABLE_USER_SCRIPT_SANDBOXING = YES;
				GCC_C_LANGUAGE_STANDARD = gnu17;
				GCC_DYNAMIC_NO_PIC = NO;
				GCC_NO_COMMON_BLOCKS = YES;
				GCC_OPTIMIZATION_LEVEL = 0;
				GCC_PREPROCESSOR_DEFINITIONS = (
					"DEBUG=1",
					"$(inherited)",
				);
				GCC_WARN_64_TO_32_BIT_CONVERSION = YES;
				GCC_WARN_ABOUT_RETURN_TYPE = YES_ERROR;
				GCC_WARN_UNDECLARED_SELECTOR = YES;
				GCC_WARN_UNINITIALIZED_AUTOS = YES_AGGRESSIVE;
				GCC_WARN_UNUSED_FUNCTION = YES;
				GCC_WARN_UNUSED_VARIABLE = YES;
				IPHONEOS_DEPLOYMENT_TARGET = 18.1;
				LOCALIZATION_PREFERS_STRING_CATALOGS = YES;
				MTL_ENABLE_DEBUG_INFO = INCLUDE_SOURCE;
				MTL_FAST_MATH = YES;
				ONLY_ACTIVE_ARCH = YES;
				SDKROOT = iphoneos;
				SWIFT_ACTIVE_COMPILATION_CONDITIONS = "DEBUG $(inherited)";
				SWIFT_OPTIMIZATION_LEVEL = "-Onone";
			};
			name = Debug;
		};
		6AACD2DB2DB0A906003BDC5E /* Release */ = {
			isa = XCBuildConfiguration;
			buildSettings = {
				ALWAYS_SEARCH_USER_PATHS = NO;
				ASSETCATALOG_COMPILER_GENERATE_SWIFT_ASSET_SYMBOL_EXTENSIONS = YES;
				CLANG_ANALYZER_NONNULL = YES;
				CLANG_ANALYZER_NUMBER_OBJECT_CONVERSION = YES_AGGRESSIVE;
				CLANG_CXX_LANGUAGE_STANDARD = "gnu++20";
				CLANG_ENABLE_MODULES = YES;
				CLANG_ENABLE_OBJC_ARC = YES;
				CLANG_ENABLE_OBJC_WEAK = YES;
				CLANG_WARN_BLOCK_CAPTURE_AUTORELEASING = YES;
				CLANG_WARN_BOOL_CONVERSION = YES;
				CLANG_WARN_COMMA = YES;
				CLANG_WARN_CONSTANT_CONVERSION = YES;
				CLANG_WARN_DEPRECATED_OBJC_IMPLEMENTATIONS = YES;
				CLANG_WARN_DIRECT_OBJC_ISA_USAGE = YES_ERROR;
				CLANG_WARN_DOCUMENTATION_COMMENTS = YES;
				CLANG_WARN_EMPTY_BODY = YES;
				CLANG_WARN_ENUM_CONVERSION = YES;
				CLANG_WARN_INFINITE_RECURSION = YES;
				CLANG_WARN_INT_CONVERSION = YES;
				CLANG_WARN_NON_LITERAL_NULL_CONVERSION = YES;
				CLANG_WARN_OBJC_IMPLICIT_RETAIN_SELF = YES;
				CLANG_WARN_OBJC_LITERAL_CONVERSION = YES;
				CLANG_WARN_OBJC_ROOT_CLASS = YES_ERROR;
				CLANG_WARN_QUOTED_INCLUDE_IN_FRAMEWORK_HEADER = YES;
				CLANG_WARN_RANGE_LOOP_ANALYSIS = YES;
				CLANG_WARN_STRICT_PROTOTYPES = YES;
				CLANG_WARN_SUSPICIOUS_MOVE = YES;
				CLANG_WARN_UNGUARDED_AVAILABILITY = YES_AGGRESSIVE;
				CLANG_WARN_UNREACHABLE_CODE = YES;
				CLANG_WARN__DUPLICATE_METHOD_MATCH = YES;
				COPY_PHASE_STRIP = NO;
				DEBUG_INFORMATION_FORMAT = "dwarf-with-dsym";
				ENABLE_NS_ASSERTIONS = NO;
				ENABLE_STRICT_OBJC_MSGSEND = YES;
				ENABLE_USER_SCRIPT_SANDBOXING = YES;
				GCC_C_LANGUAGE_STANDARD = gnu17;
				GCC_NO_COMMON_BLOCKS = YES;
				GCC_WARN_64_TO_32_BIT_CONVERSION = YES;
				GCC_WARN_ABOUT_RETURN_TYPE = YES_ERROR;
				GCC_WARN_UNDECLARED_SELECTOR = YES;
				GCC_WARN_UNINITIALIZED_AUTOS = YES_AGGRESSIVE;
				GCC_WARN_UNUSED_FUNCTION = YES;
				GCC_WARN_UNUSED_VARIABLE = YES;
				IPHONEOS_DEPLOYMENT_TARGET = 18.1;
				LOCALIZATION_PREFERS_STRING_CATALOGS = YES;
				MTL_ENABLE_DEBUG_INFO = NO;
				MTL_FAST_MATH = YES;
				SDKROOT = iphoneos;
				SWIFT_COMPILATION_MODE = wholemodule;
				VALIDATE_PRODUCT = YES;
			};
			name = Release;
		};
		6AACD2DD2DB0A906003BDC5E /* Debug */ = {
			isa = XCBuildConfiguration;
			buildSettings = {
				ASSETCATALOG_COMPILER_APPICON_NAME = AppIcon;
				ASSETCATALOG_COMPILER_GLOBAL_ACCENT_COLOR_NAME = AccentColor;
				CODE_SIGN_ENTITLEMENTS = NotificationApp/NotificationApp.entitlements;
				CODE_SIGN_STYLE = Automatic;
				CURRENT_PROJECT_VERSION = 1;
				DEVELOPMENT_ASSET_PATHS = "\"NotificationApp/Preview Content\"";
				DEVELOPMENT_TEAM = 9C9D64CGK8;
				ENABLE_PREVIEWS = YES;
				GENERATE_INFOPLIST_FILE = YES;
				INFOPLIST_FILE = NotificationApp/Info.plist;
				INFOPLIST_KEY_CFBundleDisplayName = NotificationApp;
				INFOPLIST_KEY_UIApplicationSceneManifest_Generation = YES;
				INFOPLIST_KEY_UIApplicationSupportsIndirectInputEvents = YES;
				INFOPLIST_KEY_UILaunchScreen_Generation = YES;
				INFOPLIST_KEY_UISupportedInterfaceOrientations_iPad = "UIInterfaceOrientationPortrait UIInterfaceOrientationPortraitUpsideDown UIInterfaceOrientationLandscapeLeft UIInterfaceOrientationLandscapeRight";
				INFOPLIST_KEY_UISupportedInterfaceOrientations_iPhone = "UIInterfaceOrientationPortrait UIInterfaceOrientationLandscapeLeft UIInterfaceOrientationLandscapeRight";
				IPHONEOS_DEPLOYMENT_TARGET = 16.1;
				LD_RUNPATH_SEARCH_PATHS = (
					"$(inherited)",
					"@executable_path/Frameworks",
				);
				MARKETING_VERSION = 1.0;
				PRODUCT_BUNDLE_IDENTIFIER = com.sokpich.NotificationApp;
				PRODUCT_NAME = "$(TARGET_NAME)";
				SWIFT_EMIT_LOC_STRINGS = YES;
				SWIFT_VERSION = 5.0;
				TARGETED_DEVICE_FAMILY = "1,2";
			};
			name = Debug;
		};
		6AACD2DE2DB0A906003BDC5E /* Release */ = {
			isa = XCBuildConfiguration;
			buildSettings = {
				ASSETCATALOG_COMPILER_APPICON_NAME = AppIcon;
				ASSETCATALOG_COMPILER_GLOBAL_ACCENT_COLOR_NAME = AccentColor;
				CODE_SIGN_ENTITLEMENTS = NotificationApp/NotificationApp.entitlements;
				CODE_SIGN_STYLE = Automatic;
				CURRENT_PROJECT_VERSION = 1;
				DEVELOPMENT_ASSET_PATHS = "\"NotificationApp/Preview Content\"";
				DEVELOPMENT_TEAM = 9C9D64CGK8;
				ENABLE_PREVIEWS = YES;
				GENERATE_INFOPLIST_FILE = YES;
				INFOPLIST_FILE = NotificationApp/Info.plist;
				INFOPLIST_KEY_CFBundleDisplayName = NotificationApp;
				INFOPLIST_KEY_UIApplicationSceneManifest_Generation = YES;
				INFOPLIST_KEY_UIApplicationSupportsIndirectInputEvents = YES;
				INFOPLIST_KEY_UILaunchScreen_Generation = YES;
				INFOPLIST_KEY_UISupportedInterfaceOrientations_iPad = "UIInterfaceOrientationPortrait UIInterfaceOrientationPortraitUpsideDown UIInterfaceOrientationLandscapeLeft UIInterfaceOrientationLandscapeRight";
				INFOPLIST_KEY_UISupportedInterfaceOrientations_iPhone = "UIInterfaceOrientationPortrait UIInterfaceOrientationLandscapeLeft UIInterfaceOrientationLandscapeRight";
				IPHONEOS_DEPLOYMENT_TARGET = 16.1;
				LD_RUNPATH_SEARCH_PATHS = (
					"$(inherited)",
					"@executable_path/Frameworks",
				);
				MARKETING_VERSION = 1.0;
				PRODUCT_BUNDLE_IDENTIFIER = com.sokpich.NotificationApp;
				PRODUCT_NAME = "$(TARGET_NAME)";
				SWIFT_EMIT_LOC_STRINGS = YES;
				SWIFT_VERSION = 5.0;
				TARGETED_DEVICE_FAMILY = "1,2";
			};
			name = Release;
		};
		6AACD2E02DB0A906003BDC5E /* Debug */ = {
			isa = XCBuildConfiguration;
			buildSettings = {
				BUNDLE_LOADER = "$(TEST_HOST)";
				CODE_SIGN_STYLE = Automatic;
				CURRENT_PROJECT_VERSION = 1;
				GENERATE_INFOPLIST_FILE = YES;
				IPHONEOS_DEPLOYMENT_TARGET = 18.1;
				MARKETING_VERSION = 1.0;
				PRODUCT_BUNDLE_IDENTIFIER = com.sokpich.NotificationAppTests;
				PRODUCT_NAME = "$(TARGET_NAME)";
				SWIFT_EMIT_LOC_STRINGS = NO;
				SWIFT_VERSION = 5.0;
				TARGETED_DEVICE_FAMILY = "1,2";
				TEST_HOST = "$(BUILT_PRODUCTS_DIR)/NotificationApp.app/$(BUNDLE_EXECUTABLE_FOLDER_PATH)/NotificationApp";
			};
			name = Debug;
		};
		6AACD2E12DB0A906003BDC5E /* Release */ = {
			isa = XCBuildConfiguration;
			buildSettings = {
				BUNDLE_LOADER = "$(TEST_HOST)";
				CODE_SIGN_STYLE = Automatic;
				CURRENT_PROJECT_VERSION = 1;
				GENERATE_INFOPLIST_FILE = YES;
				IPHONEOS_DEPLOYMENT_TARGET = 18.1;
				MARKETING_VERSION = 1.0;
				PRODUCT_BUNDLE_IDENTIFIER = com.sokpich.NotificationAppTests;
				PRODUCT_NAME = "$(TARGET_NAME)";
				SWIFT_EMIT_LOC_STRINGS = NO;
				SWIFT_VERSION = 5.0;
				TARGETED_DEVICE_FAMILY = "1,2";
				TEST_HOST = "$(BUILT_PRODUCTS_DIR)/NotificationApp.app/$(BUNDLE_EXECUTABLE_FOLDER_PATH)/NotificationApp";
			};
			name = Release;
		};
		6AACD2E32DB0A906003BDC5E /* Debug */ = {
			isa = XCBuildConfiguration;
			buildSettings = {
				CODE_SIGN_STYLE = Automatic;
				CURRENT_PROJECT_VERSION = 1;
				GENERATE_INFOPLIST_FILE = YES;
				MARKETING_VERSION = 1.0;
				PRODUCT_BUNDLE_IDENTIFIER = com.sokpich.NotificationAppUITests;
				PRODUCT_NAME = "$(TARGET_NAME)";
				SWIFT_EMIT_LOC_STRINGS = NO;
				SWIFT_VERSION = 5.0;
				TARGETED_DEVICE_FAMILY = "1,2";
				TEST_TARGET_NAME = NotificationApp;
			};
			name = Debug;
		};
		6AACD2E42DB0A906003BDC5E /* Release */ = {
			isa = XCBuildConfiguration;
			buildSettings = {
				CODE_SIGN_STYLE = Automatic;
				CURRENT_PROJECT_VERSION = 1;
				GENERATE_INFOPLIST_FILE = YES;
				MARKETING_VERSION = 1.0;
				PRODUCT_BUNDLE_IDENTIFIER = com.sokpich.NotificationAppUITests;
				PRODUCT_NAME = "$(TARGET_NAME)";
				SWIFT_EMIT_LOC_STRINGS = NO;
				SWIFT_VERSION = 5.0;
				TARGETED_DEVICE_FAMILY = "1,2";
				TEST_TARGET_NAME = NotificationApp;
			};
			name = Release;
		};
/* End XCBuildConfiguration section */

/* Begin XCConfigurationList section */
		6AACD2B32DB0A905003BDC5E /* Build configuration list for PBXProject "NotificationApp" */ = {
			isa = XCConfigurationList;
			buildConfigurations = (
				6AACD2DA2DB0A906003BDC5E /* Debug */,
				6AACD2DB2DB0A906003BDC5E /* Release */,
			);
			defaultConfigurationIsVisible = 0;
			defaultConfigurationName = Release;
		};
		6AACD2DC2DB0A906003BDC5E /* Build configuration list for PBXNativeTarget "NotificationApp" */ = {
			isa = XCConfigurationList;
			buildConfigurations = (
				6AACD2DD2DB0A906003BDC5E /* Debug */,
				6AACD2DE2DB0A906003BDC5E /* Release */,
			);
			defaultConfigurationIsVisible = 0;
			defaultConfigurationName = Release;
		};
		6AACD2DF2DB0A906003BDC5E /* Build configuration list for PBXNativeTarget "NotificationAppTests" */ = {
			isa = XCConfigurationList;
			buildConfigurations = (
				6AACD2E02DB0A906003BDC5E /* Debug */,
				6AACD2E12DB0A906003BDC5E /* Release */,
			);
			defaultConfigurationIsVisible = 0;
			defaultConfigurationName = Release;
		};
		6AACD2E22DB0A906003BDC5E /* Build configuration list for PBXNativeTarget "NotificationAppUITests" */ = {
			isa = XCConfigurationList;
			buildConfigurations = (
				6AACD2E32DB0A906003BDC5E /* Debug */,
				6AACD2E42DB0A906003BDC5E /* Release */,
			);
			defaultConfigurationIsVisible = 0;
			defaultConfigurationName = Release;
		};
/* End XCConfigurationList section */

/* Begin XCRemoteSwiftPackageReference section */
		6AACD2F02DB0BD75003BDC5E /* XCRemoteSwiftPackageReference "firebase-ios-sdk" */ = {
			isa = XCRemoteSwiftPackageReference;
			repositoryURL = "https://github.com/firebase/firebase-ios-sdk";
			requirement = {
				kind = upToNextMajorVersion;
				minimumVersion = 11.11.0;
			};
		};
/* End XCRemoteSwiftPackageReference section */

/* Begin XCSwiftPackageProductDependency section */
		6AACD2F12DB0BD75003BDC5E /* FirebaseMessaging */ = {
			isa = XCSwiftPackageProductDependency;
			package = 6AACD2F02DB0BD75003BDC5E /* XCRemoteSwiftPackageReference "firebase-ios-sdk" */;
			productName = FirebaseMessaging;
		};
/* End XCSwiftPackageProductDependency section */
	};
	rootObject = 6AACD2B02DB0A905003BDC5E /* Project object */;
}
